
Microsoft Visual Studio Solution File, Format Version 12.00
# Visual Studio Version 17
VisualStudioVersion = 17.7.34302.85
MinimumVisualStudioVersion = 10.0.40219.1
Project("{9A19103F-16F7-4668-BE54-9A1E7A4F7556}") = "basic-type-based-versioning", "basic-type-based-versioning\basic-type-based-versioning.csproj", "{01620096-202F-4DDF-801A-59A5EE2C57EA}"
EndProject
Project("{FAE04EC0-301F-11D3-BF4B-00C04F79EFBC}") = "core", "core\core.csproj", "{0DD32EC9-5161-4E04-95E1-BC0CD11281A8}"
EndProject
Project("{2150E333-8FDC-42A3-9474-1A3956D46DE8}") = "Solution Items", "Solution Items", "{281ACFDE-2DD1-49A3-92EB-861C6EA13A48}"
	ProjectSection(SolutionItems) = preProject
		.gitignore = .gitignore
	EndProjectSection
EndProject
Project("{FAE04EC0-301F-11D3-BF4B-00C04F79EFBC}") = "weak-schema-mapping", "weak-schema-mapping\weak-schema-mapping.csproj", "{ECB4A8FC-BDEF-452D-99A5-767E24835649}"
EndProject
Project("{FAE04EC0-301F-11D3-BF4B-00C04F79EFBC}") = "playground", "playground\playground.csproj", "{EEFAB44D-7960-4EAB-8535-F5198118E894}"
EndProject
Global
	GlobalSection(SolutionConfigurationPlatforms) = preSolution
		Debug|Any CPU = Debug|Any CPU
		Release|Any CPU = Release|Any CPU
	EndGlobalSection
	GlobalSection(ProjectConfigurationPlatforms) = postSolution
		{01620096-202F-4DDF-801A-59A5EE2C57EA}.Debug|Any CPU.ActiveCfg = Debug|Any CPU
		{01620096-202F-4DDF-801A-59A5EE2C57EA}.Debug|Any CPU.Build.0 = Debug|Any CPU
		{01620096-202F-4DDF-801A-59A5EE2C57EA}.Release|Any CPU.ActiveCfg = Release|Any CPU
		{01620096-202F-4DDF-801A-59A5EE2C57EA}.Release|Any CPU.Build.0 = Release|Any CPU
		{0DD32EC9-5161-4E04-95E1-BC0CD11281A8}.Debug|Any CPU.ActiveCfg = Debug|Any CPU
		{0DD32EC9-5161-4E04-95E1-BC0CD11281A8}.Debug|Any CPU.Build.0 = Debug|Any CPU
		{0DD32EC9-5161-4E04-95E1-BC0CD11281A8}.Release|Any CPU.ActiveCfg = Release|Any CPU
		{0DD32EC9-5161-4E04-95E1-BC0CD11281A8}.Release|Any CPU.Build.0 = Release|Any CPU
		{ECB4A8FC-BDEF-452D-99A5-767E24835649}.Debug|Any CPU.ActiveCfg = Debug|Any CPU
		{ECB4A8FC-BDEF-452D-99A5-767E24835649}.Debug|Any CPU.Build.0 = Debug|Any CPU
		{ECB4A8FC-BDEF-452D-99A5-767E24835649}.Release|Any CPU.ActiveCfg = Release|Any CPU
		{ECB4A8FC-BDEF-452D-99A5-767E24835649}.Release|Any CPU.Build.0 = Release|Any CPU
		{EEFAB44D-7960-4EAB-8535-F5198118E894}.Debug|Any CPU.ActiveCfg = Debug|Any CPU
		{EEFAB44D-7960-4EAB-8535-F5198118E894}.Debug|Any CPU.Build.0 = Debug|Any CPU
		{EEFAB44D-7960-4EAB-8535-F5198118E894}.Release|Any CPU.ActiveCfg = Release|Any CPU
		{EEFAB44D-7960-4EAB-8535-F5198118E894}.Release|Any CPU.Build.0 = Release|Any CPU
	EndGlobalSection
	GlobalSection(SolutionProperties) = preSolution
		HideSolutionNode = FALSE
	EndGlobalSection
	GlobalSection(ExtensibilityGlobals) = postSolution
		SolutionGuid = {BE73D3A4-B478-434F-B341-D7BB947A01D8}
	EndGlobalSection
EndGlobal
